
Microsoft Visual Studio Solution File, Format Version 12.00
# Visual Studio Version 17
VisualStudioVersion = 17.3.32901.215
MinimumVisualStudioVersion = 10.0.40219.1
Project("{9A19103F-16F7-4668-BE54-9A1E7A4F7556}") = "WaitUntilFullyRested", "WaitUntilFullyRested.csproj", "{911F5566-B056-4DDF-B656-B8C082DFC6F5}"
EndProject
Global
	GlobalSection(SolutionConfigurationPlatforms) = preSolution
		Debug|x64 = Debug|x64
		Release|x64 = Release|x64
	EndGlobalSection
	GlobalSection(ProjectConfigurationPlatforms) = postSolution
		{911F5566-B056-4DDF-B656-B8C082DFC6F5}.Debug|x64.ActiveCfg = Debug|x64
		{911F5566-B056-4DDF-B656-B8C082DFC6F5}.Debug|x64.Build.0 = Debug|x64
		{911F5566-B056-4DDF-B656-B8C082DFC6F5}.Release|x64.ActiveCfg = Release|x64
		{911F5566-B056-4DDF-B656-B8C082DFC6F5}.Release|x64.Build.0 = Release|x64
	EndGlobalSection
	GlobalSection(SolutionProperties) = preSolution
		HideSolutionNode = FALSE
	EndGlobalSection
	GlobalSection(ExtensibilityGlobals) = postSolution
		SolutionGuid = {DBC1FE52-91B4-4366-9758-05F102F5D24A}
	EndGlobalSection
EndGlobal
